<?xml version="1.0" encoding="UTF-8"?>
<Project ToolsVersion="14.0" xmlns="http://schemas.microsoft.com/developer/msbuild/2003">
  <ItemGroup>
    <CustomBuild Include="C:\Users\Oana\Documents\Repos\optimal_triangulation\CMakeFiles\360395eec4eb60a5de980e257922b679\INSTALL_force.rule">
      <Filter>CMake Rules</Filter>
    </CustomBuild>
  </ItemGroup>
  <ItemGroup>
    <Filter Include="CMake Rules">
      <UniqueIdentifier>{5D263190-2FF9-3DBF-979C-3E7B14B3953C}</UniqueIdentifier>
    </Filter>
  </ItemGroup>
</Project>
